
Microsoft Visual Studio Solution File, Format Version 12.00
# Visual Studio Version 16
VisualStudioVersion = 16.0.29201.188
MinimumVisualStudioVersion = 10.0.40219.1
Project("{FAE04EC0-301F-11D3-BF4B-00C04F79EFBC}") = "ProyectoProgra", "ProyectoProgra\ProyectoProgra.csproj", "{A92C07D1-E8CE-481C-9FE7-5A9D97F3F2D8}"
EndProject
Global
	GlobalSection(SolutionConfigurationPlatforms) = preSolution
		Debug|Any CPU = Debug|Any CPU
		Release|Any CPU = Release|Any CPU
	EndGlobalSection
	GlobalSection(ProjectConfigurationPlatforms) = postSolution
		{A92C07D1-E8CE-481C-9FE7-5A9D97F3F2D8}.Debug|Any CPU.ActiveCfg = Debug|Any CPU
		{A92C07D1-E8CE-481C-9FE7-5A9D97F3F2D8}.Debug|Any CPU.Build.0 = Debug|Any CPU
		{A92C07D1-E8CE-481C-9FE7-5A9D97F3F2D8}.Release|Any CPU.ActiveCfg = Release|Any CPU
		{A92C07D1-E8CE-481C-9FE7-5A9D97F3F2D8}.Release|Any CPU.Build.0 = Release|Any CPU
	EndGlobalSection
	GlobalSection(SolutionProperties) = preSolution
		HideSolutionNode = FALSE
	EndGlobalSection
	GlobalSection(ExtensibilityGlobals) = postSolution
		SolutionGuid = {3693B9BC-D980-4C75-80A3-6A4A01507DF0}
	EndGlobalSection
EndGlobal
